
Microsoft Visual Studio Solution File, Format Version 12.00
# Visual Studio Version 16
VisualStudioVersion = 16.0.31112.23
MinimumVisualStudioVersion = 10.0.40219.1
Project("{9A19103F-16F7-4668-BE54-9A1E7A4F7556}") = "CSTK", "CSTK\CSTK.csproj", "{9EADB9E2-45DE-436E-A47B-5984168D306B}"
EndProject
Project("{FAE04EC0-301F-11D3-BF4B-00C04F79EFBC}") = "MenuMoudle", "MenuMoudle\MenuMoudle.csproj", "{D3BACAFC-E6B8-484D-B34D-76A2A7153B9C}"
EndProject
Project("{FAE04EC0-301F-11D3-BF4B-00C04F79EFBC}") = "ToolBarModule", "ToolBarModule\ToolBarModule.csproj", "{27449D56-2A96-418C-A09D-CA75DAABFC73}"
EndProject
Project("{FAE04EC0-301F-11D3-BF4B-00C04F79EFBC}") = "TreeViewModule", "TreeViewModule\TreeViewModule.csproj", "{4DA4DF1F-D020-48FB-9B0B-E432FB3AE4CC}"
EndProject
Project("{FAE04EC0-301F-11D3-BF4B-00C04F79EFBC}") = "WindowsModule", "WindowsModule\WindowsModule.csproj", "{3763D187-0446-4052-9AC9-60EF5A074D22}"
EndProject
Global
	GlobalSection(SolutionConfigurationPlatforms) = preSolution
		Debug|Any CPU = Debug|Any CPU
		Release|Any CPU = Release|Any CPU
	EndGlobalSection
	GlobalSection(ProjectConfigurationPlatforms) = postSolution
		{9EADB9E2-45DE-436E-A47B-5984168D306B}.Debug|Any CPU.ActiveCfg = Debug|Any CPU
		{9EADB9E2-45DE-436E-A47B-5984168D306B}.Debug|Any CPU.Build.0 = Debug|Any CPU
		{9EADB9E2-45DE-436E-A47B-5984168D306B}.Release|Any CPU.ActiveCfg = Release|Any CPU
		{9EADB9E2-45DE-436E-A47B-5984168D306B}.Release|Any CPU.Build.0 = Release|Any CPU
		{D3BACAFC-E6B8-484D-B34D-76A2A7153B9C}.Debug|Any CPU.ActiveCfg = Debug|Any CPU
		{D3BACAFC-E6B8-484D-B34D-76A2A7153B9C}.Debug|Any CPU.Build.0 = Debug|Any CPU
		{D3BACAFC-E6B8-484D-B34D-76A2A7153B9C}.Release|Any CPU.ActiveCfg = Release|Any CPU
		{D3BACAFC-E6B8-484D-B34D-76A2A7153B9C}.Release|Any CPU.Build.0 = Release|Any CPU
		{27449D56-2A96-418C-A09D-CA75DAABFC73}.Debug|Any CPU.ActiveCfg = Debug|Any CPU
		{27449D56-2A96-418C-A09D-CA75DAABFC73}.Debug|Any CPU.Build.0 = Debug|Any CPU
		{27449D56-2A96-418C-A09D-CA75DAABFC73}.Release|Any CPU.ActiveCfg = Release|Any CPU
		{27449D56-2A96-418C-A09D-CA75DAABFC73}.Release|Any CPU.Build.0 = Release|Any CPU
		{4DA4DF1F-D020-48FB-9B0B-E432FB3AE4CC}.Debug|Any CPU.ActiveCfg = Debug|Any CPU
		{4DA4DF1F-D020-48FB-9B0B-E432FB3AE4CC}.Debug|Any CPU.Build.0 = Debug|Any CPU
		{4DA4DF1F-D020-48FB-9B0B-E432FB3AE4CC}.Release|Any CPU.ActiveCfg = Release|Any CPU
		{4DA4DF1F-D020-48FB-9B0B-E432FB3AE4CC}.Release|Any CPU.Build.0 = Release|Any CPU
		{3763D187-0446-4052-9AC9-60EF5A074D22}.Debug|Any CPU.ActiveCfg = Debug|Any CPU
		{3763D187-0446-4052-9AC9-60EF5A074D22}.Debug|Any CPU.Build.0 = Debug|Any CPU
		{3763D187-0446-4052-9AC9-60EF5A074D22}.Release|Any CPU.ActiveCfg = Release|Any CPU
		{3763D187-0446-4052-9AC9-60EF5A074D22}.Release|Any CPU.Build.0 = Release|Any CPU
	EndGlobalSection
	GlobalSection(SolutionProperties) = preSolution
		HideSolutionNode = FALSE
	EndGlobalSection
	GlobalSection(ExtensibilityGlobals) = postSolution
		SolutionGuid = {05E40781-CB65-4055-82FF-9E24EDB83AA1}
	EndGlobalSection
EndGlobal
